
Microsoft Visual Studio Solution File, Format Version 12.00
# Visual Studio 15
VisualStudioVersion = 15.0.28307.489
MinimumVisualStudioVersion = 10.0.40219.1
Project("{FAE04EC0-301F-11D3-BF4B-00C04F79EFBC}") = "ATO STP System", "ATO STP System\ATO STP System.csproj", "{C99A4F5D-9C8C-4602-9FD9-2F1ED4A9F272}"
EndProject
Global
	GlobalSection(SolutionConfigurationPlatforms) = preSolution
		Debug|Any CPU = Debug|Any CPU
		Release|Any CPU = Release|Any CPU
	EndGlobalSection
	GlobalSection(ProjectConfigurationPlatforms) = postSolution
		{C99A4F5D-9C8C-4602-9FD9-2F1ED4A9F272}.Debug|Any CPU.ActiveCfg = Debug|Any CPU
		{C99A4F5D-9C8C-4602-9FD9-2F1ED4A9F272}.Debug|Any CPU.Build.0 = Debug|Any CPU
		{C99A4F5D-9C8C-4602-9FD9-2F1ED4A9F272}.Release|Any CPU.ActiveCfg = Release|Any CPU
		{C99A4F5D-9C8C-4602-9FD9-2F1ED4A9F272}.Release|Any CPU.Build.0 = Release|Any CPU
	EndGlobalSection
	GlobalSection(SolutionProperties) = preSolution
		HideSolutionNode = FALSE
	EndGlobalSection
	GlobalSection(ExtensibilityGlobals) = postSolution
		SolutionGuid = {4544D58D-7F3F-4237-A587-1495BC150E97}
	EndGlobalSection
EndGlobal
